
Microsoft Visual Studio Solution File, Format Version 12.00
# Visual Studio Version 17
VisualStudioVersion = 17.7.34024.191
MinimumVisualStudioVersion = 10.0.40219.1
Project("{FAE04EC0-301F-11D3-BF4B-00C04F79EFBC}") = "Estacionamento", "Estacionamento.csproj", "{5A478E2B-47DB-491B-AA91-47082FB2E962}"
EndProject
Global
	GlobalSection(SolutionConfigurationPlatforms) = preSolution
		Debug|Any CPU = Debug|Any CPU
		Release|Any CPU = Release|Any CPU
	EndGlobalSection
	GlobalSection(ProjectConfigurationPlatforms) = postSolution
		{5A478E2B-47DB-491B-AA91-47082FB2E962}.Debug|Any CPU.ActiveCfg = Debug|Any CPU
		{5A478E2B-47DB-491B-AA91-47082FB2E962}.Debug|Any CPU.Build.0 = Debug|Any CPU
		{5A478E2B-47DB-491B-AA91-47082FB2E962}.Release|Any CPU.ActiveCfg = Release|Any CPU
		{5A478E2B-47DB-491B-AA91-47082FB2E962}.Release|Any CPU.Build.0 = Release|Any CPU
	EndGlobalSection
	GlobalSection(SolutionProperties) = preSolution
		HideSolutionNode = FALSE
	EndGlobalSection
	GlobalSection(ExtensibilityGlobals) = postSolution
		SolutionGuid = {EA2B0178-2E05-4A3C-AD48-DDBA0D099854}
	EndGlobalSection
EndGlobal
